
Microsoft Visual Studio Solution File, Format Version 12.00
# Visual Studio Version 16
VisualStudioVersion = 16.0.29403.142
MinimumVisualStudioVersion = 10.0.40219.1
Project("{FAE04EC0-301F-11D3-BF4B-00C04F79EFBC}") = "ScreenRecorder1", "ScreenRecorder1\ScreenRecorder1.csproj", "{895337B6-ABBB-4EA9-AB63-804E6C1463C7}"
EndProject
Global
	GlobalSection(SolutionConfigurationPlatforms) = preSolution
		Debug|Any CPU = Debug|Any CPU
		Release|Any CPU = Release|Any CPU
	EndGlobalSection
	GlobalSection(ProjectConfigurationPlatforms) = postSolution
		{895337B6-ABBB-4EA9-AB63-804E6C1463C7}.Debug|Any CPU.ActiveCfg = Debug|Any CPU
		{895337B6-ABBB-4EA9-AB63-804E6C1463C7}.Debug|Any CPU.Build.0 = Debug|Any CPU
		{895337B6-ABBB-4EA9-AB63-804E6C1463C7}.Release|Any CPU.ActiveCfg = Release|Any CPU
		{895337B6-ABBB-4EA9-AB63-804E6C1463C7}.Release|Any CPU.Build.0 = Release|Any CPU
	EndGlobalSection
	GlobalSection(SolutionProperties) = preSolution
		HideSolutionNode = FALSE
	EndGlobalSection
	GlobalSection(ExtensibilityGlobals) = postSolution
		SolutionGuid = {996A7A5D-63D9-49D2-95D2-BFC649A2397B}
	EndGlobalSection
EndGlobal
